// !$*UTF8*$!
{
	archiveVersion = 1;
	classes = {
	};
	objectVersion = 50;
	objects = {

/* Begin PBXBuildFile section */
		B086A55C26D960D2008D603A /* AppDelegate.swift in Sources */ = {isa = PBXBuildFile; fileRef = B086A55B26D960D2008D603A /* AppDelegate.swift */; };
		B086A55E26D960D2008D603A /* SceneDelegate.swift in Sources */ = {isa = PBXBuildFile; fileRef = B086A55D26D960D2008D603A /* SceneDelegate.swift */; };
		B086A56026D960D2008D603A /* ViewController.swift in Sources */ = {isa = PBXBuildFile; fileRef = B086A55F26D960D2008D603A /* ViewController.swift */; };
		B086A56326D960D2008D603A /* Main.storyboard in Resources */ = {isa = PBXBuildFile; fileRef = B086A56126D960D2008D603A /* Main.storyboard */; };
		B086A56526D960D3008D603A /* Assets.xcassets in Resources */ = {isa = PBXBuildFile; fileRef = B086A56426D960D3008D603A /* Assets.xcassets */; };
		B086A56826D960D3008D603A /* LaunchScreen.storyboard in Resources */ = {isa = PBXBuildFile; fileRef = B086A56626D960D3008D603A /* LaunchScreen.storyboard */; };
		B086A57326D960D3008D603A /* fibonacciAppTests.swift in Sources */ = {isa = PBXBuildFile; fileRef = B086A57226D960D3008D603A /* fibonacciAppTests.swift */; };
		B086A57E26D960D3008D603A /* fibonacciAppUITests.swift in Sources */ = {isa = PBXBuildFile; fileRef = B086A57D26D960D3008D603A /* fibonacciAppUITests.swift */; };
/* End PBXBuildFile section */

/* Begin PBXContainerItemProxy section */
		B086A56F26D960D3008D603A /* PBXContainerItemProxy */ = {
			isa = PBXContainerItemProxy;
			containerPortal = B086A55026D960D2008D603A /* Project object */;
			proxyType = 1;
			remoteGlobalIDString = B086A55726D960D2008D603A;
			remoteInfo = fibonacciApp;
		};
		B086A57A26D960D3008D603A /* PBXContainerItemProxy */ = {
			isa = PBXContainerItemProxy;
			containerPortal = B086A55026D960D2008D603A /* Project object */;
			proxyType = 1;
			remoteGlobalIDString = B086A55726D960D2008D603A;
			remoteInfo = fibonacciApp;
		};
/* End PBXContainerItemProxy section */

/* Begin PBXFileReference section */
		B086A55826D960D2008D603A /* fibonacciApp.app */ = {isa = PBXFileReference; explicitFileType = wrapper.application; includeInIndex = 0; path = fibonacciApp.app; sourceTree = BUILT_PRODUCTS_DIR; };
		B086A55B26D960D2008D603A /* AppDelegate.swift */ = {isa = PBXFileReference; lastKnownFileType = sourcecode.swift; path = AppDelegate.swift; sourceTree = "<group>"; };
		B086A55D26D960D2008D603A /* SceneDelegate.swift */ = {isa = PBXFileReference; lastKnownFileType = sourcecode.swift; path = SceneDelegate.swift; sourceTree = "<group>"; };
		B086A55F26D960D2008D603A /* ViewController.swift */ = {isa = PBXFileReference; lastKnownFileType = sourcecode.swift; path = ViewController.swift; sourceTree = "<group>"; };
		B086A56226D960D2008D603A /* Base */ = {isa = PBXFileReference; lastKnownFileType = file.storyboard; name = Base; path = Base.lproj/Main.storyboard; sourceTree = "<group>"; };
		B086A56426D960D3008D603A /* Assets.xcassets */ = {isa = PBXFileReference; lastKnownFileType = folder.assetcatalog; path = Assets.xcassets; sourceTree = "<group>"; };
		B086A56726D960D3008D603A /* Base */ = {isa = PBXFileReference; lastKnownFileType = file.storyboard; name = Base; path = Base.lproj/LaunchScreen.storyboard; sourceTree = "<group>"; };
		B086A56926D960D3008D603A /* Info.plist */ = {isa = PBXFileReference; lastKnownFileType = text.plist.xml; path = Info.plist; sourceTree = "<group>"; };
		B086A56E26D960D3008D603A /* fibonacciAppTests.xctest */ = {isa = PBXFileReference; explicitFileType = wrapper.cfbundle; includeInIndex = 0; path = fibonacciAppTests.xctest; sourceTree = BUILT_PRODUCTS_DIR; };
		B086A57226D960D3008D603A /* fibonacciAppTests.swift */ = {isa = PBXFileReference; lastKnownFileType = sourcecode.swift; path = fibonacciAppTests.swift; sourceTree = "<group>"; };
		B086A57426D960D3008D603A /* Info.plist */ = {isa = PBXFileReference; lastKnownFileType = text.plist.xml; path = Info.plist; sourceTree = "<group>"; };
		B086A57926D960D3008D603A /* fibonacciAppUITests.xctest */ = {isa = PBXFileReference; explicitFileType = wrapper.cfbundle; includeInIndex = 0; path = fibonacciAppUITests.xctest; sourceTree = BUILT_PRODUCTS_DIR; };
		B086A57D26D960D3008D603A /* fibonacciAppUITests.swift */ = {isa = PBXFileReference; lastKnownFileType = sourcecode.swift; path = fibonacciAppUITests.swift; sourceTree = "<group>"; };
		B086A57F26D960D3008D603A /* Info.plist */ = {isa = PBXFileReference; lastKnownFileType = text.plist.xml; path = Info.plist; sourceTree = "<group>"; };
/* End PBXFileReference section */

/* Begin PBXFrameworksBuildPhase section */
		B086A55526D960D2008D603A /* Frameworks */ = {
			isa = PBXFrameworksBuildPhase;
			buildActionMask = 2147483647;
			files = (
			);
			runOnlyForDeploymentPostprocessing = 0;
		};
		B086A56B26D960D3008D603A /* Frameworks */ = {
			isa = PBXFrameworksBuildPhase;
			buildActionMask = 2147483647;
			files = (
			);
			runOnlyForDeploymentPostprocessing = 0;
		};
		B086A57626D960D3008D603A /* Frameworks */ = {
			isa = PBXFrameworksBuildPhase;
			buildActionMask = 2147483647;
			files = (
			);
			runOnlyForDeploymentPostprocessing = 0;
		};
/* End PBXFrameworksBuildPhase section */

/* Begin PBXGroup section */
		B086A54F26D960D2008D603A = {
			isa = PBXGroup;
			children = (
				B086A55A26D960D2008D603A /* fibonacciApp */,
				B086A57126D960D3008D603A /* fibonacciAppTests */,
				B086A57C26D960D3008D603A /* fibonacciAppUITests */,
				B086A55926D960D2008D603A /* Products */,
			);
			sourceTree = "<group>";
		};
		B086A55926D960D2008D603A /* Products */ = {
			isa = PBXGroup;
			children = (
				B086A55826D960D2008D603A /* fibonacciApp.app */,
				B086A56E26D960D3008D603A /* fibonacciAppTests.xctest */,
				B086A57926D960D3008D603A /* fibonacciAppUITests.xctest */,
			);
			name = Products;
			sourceTree = "<group>";
		};
		B086A55A26D960D2008D603A /* fibonacciApp */ = {
			isa = PBXGroup;
			children = (
				B086A55B26D960D2008D603A /* AppDelegate.swift */,
				B086A55D26D960D2008D603A /* SceneDelegate.swift */,
				B086A55F26D960D2008D603A /* ViewController.swift */,
				B086A56126D960D2008D603A /* Main.storyboard */,
				B086A56426D960D3008D603A /* Assets.xcassets */,
				B086A56626D960D3008D603A /* LaunchScreen.storyboard */,
				B086A56926D960D3008D603A /* Info.plist */,
			);
			path = fibonacciApp;
			sourceTree = "<group>";
		};
		B086A57126D960D3008D603A /* fibonacciAppTests */ = {
			isa = PBXGroup;
			children = (
				B086A57226D960D3008D603A /* fibonacciAppTests.swift */,
				B086A57426D960D3008D603A /* Info.plist */,
			);
			path = fibonacciAppTests;
			sourceTree = "<group>";
		};
		B086A57C26D960D3008D603A /* fibonacciAppUITests */ = {
			isa = PBXGroup;
			children = (
				B086A57D26D960D3008D603A /* fibonacciAppUITests.swift */,
				B086A57F26D960D3008D603A /* Info.plist */,
			);
			path = fibonacciAppUITests;
			sourceTree = "<group>";
		};
/* End PBXGroup section */

/* Begin PBXNativeTarget section */
		B086A55726D960D2008D603A /* fibonacciApp */ = {
			isa = PBXNativeTarget;
			buildConfigurationList = B086A58226D960D3008D603A /* Build configuration list for PBXNativeTarget "fibonacciApp" */;
			buildPhases = (
				B086A55426D960D2008D603A /* Sources */,
				B086A55526D960D2008D603A /* Frameworks */,
				B086A55626D960D2008D603A /* Resources */,
			);
			buildRules = (
			);
			dependencies = (
			);
			name = fibonacciApp;
			productName = fibonacciApp;
			productReference = B086A55826D960D2008D603A /* fibonacciApp.app */;
			productType = "com.apple.product-type.application";
		};
		B086A56D26D960D3008D603A /* fibonacciAppTests */ = {
			isa = PBXNativeTarget;
			buildConfigurationList = B086A58526D960D3008D603A /* Build configuration list for PBXNativeTarget "fibonacciAppTests" */;
			buildPhases = (
				B086A56A26D960D3008D603A /* Sources */,
				B086A56B26D960D3008D603A /* Frameworks */,
				B086A56C26D960D3008D603A /* Resources */,
			);
			buildRules = (
			);
			dependencies = (
				B086A57026D960D3008D603A /* PBXTargetDependency */,
			);
			name = fibonacciAppTests;
			productName = fibonacciAppTests;
			productReference = B086A56E26D960D3008D603A /* fibonacciAppTests.xctest */;
			productType = "com.apple.product-type.bundle.unit-test";
		};
		B086A57826D960D3008D603A /* fibonacciAppUITests */ = {
			isa = PBXNativeTarget;
			buildConfigurationList = B086A58826D960D3008D603A /* Build configuration list for PBXNativeTarget "fibonacciAppUITests" */;
			buildPhases = (
				B086A57526D960D3008D603A /* Sources */,
				B086A57626D960D3008D603A /* Frameworks */,
				B086A57726D960D3008D603A /* Resources */,
			);
			buildRules = (
			);
			dependencies = (
				B086A57B26D960D3008D603A /* PBXTargetDependency */,
			);
			name = fibonacciAppUITests;
			productName = fibonacciAppUITests;
			productReference = B086A57926D960D3008D603A /* fibonacciAppUITests.xctest */;
			productType = "com.apple.product-type.bundle.ui-testing";
		};
/* End PBXNativeTarget section */

/* Begin PBXProject section */
		B086A55026D960D2008D603A /* Project object */ = {
			isa = PBXProject;
			attributes = {
				LastSwiftUpdateCheck = 1250;
				LastUpgradeCheck = 1250;
				TargetAttributes = {
					B086A55726D960D2008D603A = {
						CreatedOnToolsVersion = 12.5.1;
					};
					B086A56D26D960D3008D603A = {
						CreatedOnToolsVersion = 12.5.1;
						TestTargetID = B086A55726D960D2008D603A;
					};
					B086A57826D960D3008D603A = {
						CreatedOnToolsVersion = 12.5.1;
						TestTargetID = B086A55726D960D2008D603A;
					};
				};
			};
			buildConfigurationList = B086A55326D960D2008D603A /* Build configuration list for PBXProject "fibonacciApp" */;
			compatibilityVersion = "Xcode 9.3";
			developmentRegion = en;
			hasScannedForEncodings = 0;
			knownRegions = (
				en,
				Base,
			);
			mainGroup = B086A54F26D960D2008D603A;
			productRefGroup = B086A55926D960D2008D603A /* Products */;
			projectDirPath = "";
			projectRoot = "";
			targets = (
				B086A55726D960D2008D603A /* fibonacciApp */,
				B086A56D26D960D3008D603A /* fibonacciAppTests */,
				B086A57826D960D3008D603A /* fibonacciAppUITests */,
			);
		};
/* End PBXProject section */

/* Begin PBXResourcesBuildPhase section */
		B086A55626D960D2008D603A /* Resources */ = {
			isa = PBXResourcesBuildPhase;
			buildActionMask = 2147483647;
			files = (
				B086A56826D960D3008D603A /* LaunchScreen.storyboard in Resources */,
				B086A56526D960D3008D603A /* Assets.xcassets in Resources */,
				B086A56326D960D2008D603A /* Main.storyboard in Resources */,
			);
			runOnlyForDeploymentPostprocessing = 0;
		};
		B086A56C26D960D3008D603A /* Resources */ = {
			isa = PBXResourcesBuildPhase;
			buildActionMask = 2147483647;
			files = (
			);
			runOnlyForDeploymentPostprocessing = 0;
		};
		B086A57726D960D3008D603A /* Resources */ = {
			isa = PBXResourcesBuildPhase;
			buildActionMask = 2147483647;
			files = (
			);
			runOnlyForDeploymentPostprocessing = 0;
		};
/* End PBXResourcesBuildPhase section */

/* Begin PBXSourcesBuildPhase section */
		B086A55426D960D2008D603A /* Sources */ = {
			isa = PBXSourcesBuildPhase;
			buildActionMask = 2147483647;
			files = (
				B086A56026D960D2008D603A /* ViewController.swift in Sources */,
				B086A55C26D960D2008D603A /* AppDelegate.swift in Sources */,
				B086A55E26D960D2008D603A /* SceneDelegate.swift in Sources */,
			);
			runOnlyForDeploymentPostprocessing = 0;
		};
		B086A56A26D960D3008D603A /* Sources */ = {
			isa = PBXSourcesBuildPhase;
			buildActionMask = 2147483647;
			files = (
				B086A57326D960D3008D603A /* fibonacciAppTests.swift in Sources */,
			);
			runOnlyForDeploymentPostprocessing = 0;
		};
		B086A57526D960D3008D603A /* Sources */ = {
			isa = PBXSourcesBuildPhase;
			buildActionMask = 2147483647;
			files = (
				B086A57E26D960D3008D603A /* fibonacciAppUITests.swift in Sources */,
			);
			runOnlyForDeploymentPostprocessing = 0;
		};
/* End PBXSourcesBuildPhase section */

/* Begin PBXTargetDependency section */
		B086A57026D960D3008D603A /* PBXTargetDependency */ = {
			isa = PBXTargetDependency;
			target = B086A55726D960D2008D603A /* fibonacciApp */;
			targetProxy = B086A56F26D960D3008D603A /* PBXContainerItemProxy */;
		};
		B086A57B26D960D3008D603A /* PBXTargetDependency */ = {
			isa = PBXTargetDependency;
			target = B086A55726D960D2008D603A /* fibonacciApp */;
			targetProxy = B086A57A26D960D3008D603A /* PBXContainerItemProxy */;
		};
/* End PBXTargetDependency section */

/* Begin PBXVariantGroup section */
		B086A56126D960D2008D603A /* Main.storyboard */ = {
			isa = PBXVariantGroup;
			children = (
				B086A56226D960D2008D603A /* Base */,
			);
			name = Main.storyboard;
			sourceTree = "<group>";
		};
		B086A56626D960D3008D603A /* LaunchScreen.storyboard */ = {
			isa = PBXVariantGroup;
			children = (
				B086A56726D960D3008D603A /* Base */,
			);
			name = LaunchScreen.storyboard;
			sourceTree = "<group>";
		};
/* End PBXVariantGroup section */

/* Begin XCBuildConfiguration section */
		B086A58026D960D3008D603A /* Debug */ = {
			isa = XCBuildConfiguration;
			buildSettings = {
				ALWAYS_SEARCH_USER_PATHS = NO;
				CLANG_ANALYZER_NONNULL = YES;
				CLANG_ANALYZER_NUMBER_OBJECT_CONVERSION = YES_AGGRESSIVE;
				CLANG_CXX_LANGUAGE_STANDARD = "gnu++14";
				CLANG_CXX_LIBRARY = "libc++";
				CLANG_ENABLE_MODULES = YES;
				CLANG_ENABLE_OBJC_ARC = YES;
				CLANG_ENABLE_OBJC_WEAK = YES;
				CLANG_WARN_BLOCK_CAPTURE_AUTORELEASING = YES;
				CLANG_WARN_BOOL_CONVERSION = YES;
				CLANG_WARN_COMMA = YES;
				CLANG_WARN_CONSTANT_CONVERSION = YES;
				CLANG_WARN_DEPRECATED_OBJC_IMPLEMENTATIONS = YES;
				CLANG_WARN_DIRECT_OBJC_ISA_USAGE = YES_ERROR;
				CLANG_WARN_DOCUMENTATION_COMMENTS = YES;
				CLANG_WARN_EMPTY_BODY = YES;
				CLANG_WARN_ENUM_CONVERSION = YES;
				CLANG_WARN_INFINITE_RECURSION = YES;
				CLANG_WARN_INT_CONVERSION = YES;
				CLANG_WARN_NON_LITERAL_NULL_CONVERSION = YES;
				CLANG_WARN_OBJC_IMPLICIT_RETAIN_SELF = YES;
				CLANG_WARN_OBJC_LITERAL_CONVERSION = YES;
				CLANG_WARN_OBJC_ROOT_CLASS = YES_ERROR;
				CLANG_WARN_QUOTED_INCLUDE_IN_FRAMEWORK_HEADER = YES;
				CLANG_WARN_RANGE_LOOP_ANALYSIS = YES;
				CLANG_WARN_STRICT_PROTOTYPES = YES;
				CLANG_WARN_SUSPICIOUS_MOVE = YES;
				CLANG_WARN_UNGUARDED_AVAILABILITY = YES_AGGRESSIVE;
				CLANG_WARN_UNREACHABLE_CODE = YES;
				CLANG_WARN__DUPLICATE_METHOD_MATCH = YES;
				COPY_PHASE_STRIP = NO;
				DEBUG_INFORMATION_FORMAT = dwarf;
				ENABLE_STRICT_OBJC_MSGSEND = YES;
				ENABLE_TESTABILITY = YES;
				GCC_C_LANGUAGE_STANDARD = gnu11;
				GCC_DYNAMIC_NO_PIC = NO;
				GCC_NO_COMMON_BLOCKS = YES;
				GCC_OPTIMIZATION_LEVEL = 0;
				GCC_PREPROCESSOR_DEFINITIONS = (
					"DEBUG=1",
					"$(inherited)",
				);
				GCC_WARN_64_TO_32_BIT_CONVERSION = YES;
				GCC_WARN_ABOUT_RETURN_TYPE = YES_ERROR;
				GCC_WARN_UNDECLARED_SELECTOR = YES;
				GCC_WARN_UNINITIALIZED_AUTOS = YES_AGGRESSIVE;
				GCC_WARN_UNUSED_FUNCTION = YES;
				GCC_WARN_UNUSED_VARIABLE = YES;
				IPHONEOS_DEPLOYMENT_TARGET = 14.5;
				MTL_ENABLE_DEBUG_INFO = INCLUDE_SOURCE;
				MTL_FAST_MATH = YES;
				ONLY_ACTIVE_ARCH = YES;
				SDKROOT = iphoneos;
				SWIFT_ACTIVE_COMPILATION_CONDITIONS = DEBUG;
				SWIFT_OPTIMIZATION_LEVEL = "-Onone";
			};
			name = Debug;
		};
		B086A58126D960D3008D603A /* Release */ = {
			isa = XCBuildConfiguration;
			buildSettings = {
				ALWAYS_SEARCH_USER_PATHS = NO;
				CLANG_ANALYZER_NONNULL = YES;
				CLANG_ANALYZER_NUMBER_OBJECT_CONVERSION = YES_AGGRESSIVE;
				CLANG_CXX_LANGUAGE_STANDARD = "gnu++14";
				CLANG_CXX_LIBRARY = "libc++";
				CLANG_ENABLE_MODULES = YES;
				CLANG_ENABLE_OBJC_ARC = YES;
				CLANG_ENABLE_OBJC_WEAK = YES;
				CLANG_WARN_BLOCK_CAPTURE_AUTORELEASING = YES;
				CLANG_WARN_BOOL_CONVERSION = YES;
				CLANG_WARN_COMMA = YES;
				CLANG_WARN_CONSTANT_CONVERSION = YES;
				CLANG_WARN_DEPRECATED_OBJC_IMPLEMENTATIONS = YES;
				CLANG_WARN_DIRECT_OBJC_ISA_USAGE = YES_ERROR;
				CLANG_WARN_DOCUMENTATION_COMMENTS = YES;
				CLANG_WARN_EMPTY_BODY = YES;
				CLANG_WARN_ENUM_CONVERSION = YES;
				CLANG_WARN_INFINITE_RECURSION = YES;
				CLANG_WARN_INT_CONVERSION = YES;
				CLANG_WARN_NON_LITERAL_NULL_CONVERSION = YES;
				CLANG_WARN_OBJC_IMPLICIT_RETAIN_SELF = YES;
				CLANG_WARN_OBJC_LITERAL_CONVERSION = YES;
				CLANG_WARN_OBJC_ROOT_CLASS = YES_ERROR;
				CLANG_WARN_QUOTED_INCLUDE_IN_FRAMEWORK_HEADER = YES;
				CLANG_WARN_RANGE_LOOP_ANALYSIS = YES;
				CLANG_WARN_STRICT_PROTOTYPES = YES;
				CLANG_WARN_SUSPICIOUS_MOVE = YES;
				CLANG_WARN_UNGUARDED_AVAILABILITY = YES_AGGRESSIVE;
				CLANG_WARN_UNREACHABLE_CODE = YES;
				CLANG_WARN__DUPLICATE_METHOD_MATCH = YES;
				COPY_PHASE_STRIP = NO;
				DEBUG_INFORMATION_FORMAT = "dwarf-with-dsym";
				ENABLE_NS_ASSERTIONS = NO;
				ENABLE_STRICT_OBJC_MSGSEND = YES;
				GCC_C_LANGUAGE_STANDARD = gnu11;
				GCC_NO_COMMON_BLOCKS = YES;
				GCC_WARN_64_TO_32_BIT_CONVERSION = YES;
				GCC_WARN_ABOUT_RETURN_TYPE = YES_ERROR;
				GCC_WARN_UNDECLARED_SELECTOR = YES;
				GCC_WARN_UNINITIALIZED_AUTOS = YES_AGGRESSIVE;
				GCC_WARN_UNUSED_FUNCTION = YES;
				GCC_WARN_UNUSED_VARIABLE = YES;
				IPHONEOS_DEPLOYMENT_TARGET = 14.5;
				MTL_ENABLE_DEBUG_INFO = NO;
				MTL_FAST_MATH = YES;
				SDKROOT = iphoneos;
				SWIFT_COMPILATION_MODE = wholemodule;
				SWIFT_OPTIMIZATION_LEVEL = "-O";
				VALIDATE_PRODUCT = YES;
			};
			name = Release;
		};
		B086A58326D960D3008D603A /* Debug */ = {
			isa = XCBuildConfiguration;
			buildSettings = {
				ASSETCATALOG_COMPILER_APPICON_NAME = AppIcon;
				ASSETCATALOG_COMPILER_GLOBAL_ACCENT_COLOR_NAME = AccentColor;
				CODE_SIGN_STYLE = Automatic;
				DEVELOPMENT_TEAM = 88NV4AHA5K;
				INFOPLIST_FILE = fibonacciApp/Info.plist;
				LD_RUNPATH_SEARCH_PATHS = (
					"$(inherited)",
					"@executable_path/Frameworks",
				);
				PRODUCT_BUNDLE_IDENTIFIER = StanimirDanev.fibonacciApp;
				PRODUCT_NAME = "$(TARGET_NAME)";
				SWIFT_VERSION = 5.0;
				TARGETED_DEVICE_FAMILY = "1,2";
			};
			name = Debug;
		};
		B086A58426D960D3008D603A /* Release */ = {
			isa = XCBuildConfiguration;
			buildSettings = {
				ASSETCATALOG_COMPILER_APPICON_NAME = AppIcon;
				ASSETCATALOG_COMPILER_GLOBAL_ACCENT_COLOR_NAME = AccentColor;
				CODE_SIGN_STYLE = Automatic;
				DEVELOPMENT_TEAM = 88NV4AHA5K;
				INFOPLIST_FILE = fibonacciApp/Info.plist;
				LD_RUNPATH_SEARCH_PATHS = (
					"$(inherited)",
					"@executable_path/Frameworks",
				);
				PRODUCT_BUNDLE_IDENTIFIER = StanimirDanev.fibonacciApp;
				PRODUCT_NAME = "$(TARGET_NAME)";
				SWIFT_VERSION = 5.0;
				TARGETED_DEVICE_FAMILY = "1,2";
			};
			name = Release;
		};
		B086A58626D960D3008D603A /* Debug */ = {
			isa = XCBuildConfiguration;
			buildSettings = {
				ALWAYS_EMBED_SWIFT_STANDARD_LIBRARIES = YES;
				BUNDLE_LOADER = "$(TEST_HOST)";
				CODE_SIGN_STYLE = Automatic;
				DEVELOPMENT_TEAM = 88NV4AHA5K;
				INFOPLIST_FILE = fibonacciAppTests/Info.plist;
				IPHONEOS_DEPLOYMENT_TARGET = 14.5;
				LD_RUNPATH_SEARCH_PATHS = (
					"$(inherited)",
					"@executable_path/Frameworks",
					"@loader_path/Frameworks",
				);
				PRODUCT_BUNDLE_IDENTIFIER = StanimirDanev.fibonacciAppTests;
				PRODUCT_NAME = "$(TARGET_NAME)";
				SWIFT_VERSION = 5.0;
				TARGETED_DEVICE_FAMILY = "1,2";
				TEST_HOST = "$(BUILT_PRODUCTS_DIR)/fibonacciApp.app/fibonacciApp";
			};
			name = Debug;
		};
		B086A58726D960D3008D603A /* Release */ = {
			isa = XCBuildConfiguration;
			buildSettings = {
				ALWAYS_EMBED_SWIFT_STANDARD_LIBRARIES = YES;
				BUNDLE_LOADER = "$(TEST_HOST)";
				CODE_SIGN_STYLE = Automatic;
				DEVELOPMENT_TEAM = 88NV4AHA5K;
				INFOPLIST_FILE = fibonacciAppTests/Info.plist;
				IPHONEOS_DEPLOYMENT_TARGET = 14.5;
				LD_RUNPATH_SEARCH_PATHS = (
					"$(inherited)",
					"@executable_path/Frameworks",
					"@loader_path/Frameworks",
				);
				PRODUCT_BUNDLE_IDENTIFIER = StanimirDanev.fibonacciAppTests;
				PRODUCT_NAME = "$(TARGET_NAME)";
				SWIFT_VERSION = 5.0;
				TARGETED_DEVICE_FAMILY = "1,2";
				TEST_HOST = "$(BUILT_PRODUCTS_DIR)/fibonacciApp.app/fibonacciApp";
			};
			name = Release;
		};
		B086A58926D960D3008D603A /* Debug */ = {
			isa = XCBuildConfiguration;
			buildSettings = {
				ALWAYS_EMBED_SWIFT_STANDARD_LIBRARIES = YES;
				CODE_SIGN_STYLE = Automatic;
				DEVELOPMENT_TEAM = 88NV4AHA5K;
				INFOPLIST_FILE = fibonacciAppUITests/Info.plist;
				LD_RUNPATH_SEARCH_PATHS = (
					"$(inherited)",
					"@executable_path/Frameworks",
					"@loader_path/Frameworks",
				);
				PRODUCT_BUNDLE_IDENTIFIER = StanimirDanev.fibonacciAppUITests;
				PRODUCT_NAME = "$(TARGET_NAME)";
				SWIFT_VERSION = 5.0;
				TARGETED_DEVICE_FAMILY = "1,2";
				TEST_TARGET_NAME = fibonacciApp;
			};
			name = Debug;
		};
		B086A58A26D960D3008D603A /* Release */ = {
			isa = XCBuildConfiguration;
			buildSettings = {
				ALWAYS_EMBED_SWIFT_STANDARD_LIBRARIES = YES;
				CODE_SIGN_STYLE = Automatic;
				DEVELOPMENT_TEAM = 88NV4AHA5K;
				INFOPLIST_FILE = fibonacciAppUITests/Info.plist;
				LD_RUNPATH_SEARCH_PATHS = (
					"$(inherited)",
					"@executable_path/Frameworks",
					"@loader_path/Frameworks",
				);
				PRODUCT_BUNDLE_IDENTIFIER = StanimirDanev.fibonacciAppUITests;
				PRODUCT_NAME = "$(TARGET_NAME)";
				SWIFT_VERSION = 5.0;
				TARGETED_DEVICE_FAMILY = "1,2";
				TEST_TARGET_NAME = fibonacciApp;
			};
			name = Release;
		};
/* End XCBuildConfiguration section */

/* Begin XCConfigurationList section */
		B086A55326D960D2008D603A /* Build configuration list for PBXProject "fibonacciApp" */ = {
			isa = XCConfigurationList;
			buildConfigurations = (
				B086A58026D960D3008D603A /* Debug */,
				B086A58126D960D3008D603A /* Release */,
			);
			defaultConfigurationIsVisible = 0;
			defaultConfigurationName = Release;
		};
		B086A58226D960D3008D603A /* Build configuration list for PBXNativeTarget "fibonacciApp" */ = {
			isa = XCConfigurationList;
			buildConfigurations = (
				B086A58326D960D3008D603A /* Debug */,
				B086A58426D960D3008D603A /* Release */,
			);
			defaultConfigurationIsVisible = 0;
			defaultConfigurationName = Release;
		};
		B086A58526D960D3008D603A /* Build configuration list for PBXNativeTarget "fibonacciAppTests" */ = {
			isa = XCConfigurationList;
			buildConfigurations = (
				B086A58626D960D3008D603A /* Debug */,
				B086A58726D960D3008D603A /* Release */,
			);
			defaultConfigurationIsVisible = 0;
			defaultConfigurationName = Release;
		};
		B086A58826D960D3008D603A /* Build configuration list for PBXNativeTarget "fibonacciAppUITests" */ = {
			isa = XCConfigurationList;
			buildConfigurations = (
				B086A58926D960D3008D603A /* Debug */,
				B086A58A26D960D3008D603A /* Release */,
			);
			defaultConfigurationIsVisible = 0;
			defaultConfigurationName = Release;
		};
/* End XCConfigurationList section */
	};
	rootObject = B086A55026D960D2008D603A /* Project object */;
}
